
Microsoft Visual Studio Solution File, Format Version 12.00
# Visual Studio 15
VisualStudioVersion = 15.0.26730.12
MinimumVisualStudioVersion = 10.0.40219.1
Project("{FAE04EC0-301F-11D3-BF4B-00C04F79EFBC}") = "ifElseAge", "ifElseAge\ifElseAge.csproj", "{0955B8A7-A1CC-4E42-A52F-67AE45B08DDB}"
EndProject
Global
	GlobalSection(SolutionConfigurationPlatforms) = preSolution
		Debug|Any CPU = Debug|Any CPU
		Release|Any CPU = Release|Any CPU
	EndGlobalSection
	GlobalSection(ProjectConfigurationPlatforms) = postSolution
		{0955B8A7-A1CC-4E42-A52F-67AE45B08DDB}.Debug|Any CPU.ActiveCfg = Debug|Any CPU
		{0955B8A7-A1CC-4E42-A52F-67AE45B08DDB}.Debug|Any CPU.Build.0 = Debug|Any CPU
		{0955B8A7-A1CC-4E42-A52F-67AE45B08DDB}.Release|Any CPU.ActiveCfg = Release|Any CPU
		{0955B8A7-A1CC-4E42-A52F-67AE45B08DDB}.Release|Any CPU.Build.0 = Release|Any CPU
	EndGlobalSection
	GlobalSection(SolutionProperties) = preSolution
		HideSolutionNode = FALSE
	EndGlobalSection
	GlobalSection(ExtensibilityGlobals) = postSolution
		SolutionGuid = {7D846498-B694-4B5A-9154-FB26A0976BF5}
	EndGlobalSection
EndGlobal
