
Microsoft Visual Studio Solution File, Format Version 12.00
# Visual Studio 15
VisualStudioVersion = 15.0.26730.15
MinimumVisualStudioVersion = 10.0.40219.1
Project("{FAE04EC0-301F-11D3-BF4B-00C04F79EFBC}") = "TelephoneDiaryProject", "TelephoneDiaryProject\TelephoneDiaryProject.csproj", "{CDB47179-93F8-40E7-ABD9-03F72A66C7CF}"
EndProject
Global
	GlobalSection(SolutionConfigurationPlatforms) = preSolution
		Debug|Any CPU = Debug|Any CPU
		Release|Any CPU = Release|Any CPU
	EndGlobalSection
	GlobalSection(ProjectConfigurationPlatforms) = postSolution
		{CDB47179-93F8-40E7-ABD9-03F72A66C7CF}.Debug|Any CPU.ActiveCfg = Debug|Any CPU
		{CDB47179-93F8-40E7-ABD9-03F72A66C7CF}.Debug|Any CPU.Build.0 = Debug|Any CPU
		{CDB47179-93F8-40E7-ABD9-03F72A66C7CF}.Release|Any CPU.ActiveCfg = Release|Any CPU
		{CDB47179-93F8-40E7-ABD9-03F72A66C7CF}.Release|Any CPU.Build.0 = Release|Any CPU
	EndGlobalSection
	GlobalSection(SolutionProperties) = preSolution
		HideSolutionNode = FALSE
	EndGlobalSection
	GlobalSection(ExtensibilityGlobals) = postSolution
		SolutionGuid = {ABA185B1-680D-46DC-8FC5-F09E1E087245}
	EndGlobalSection
EndGlobal
