
Microsoft Visual Studio Solution File, Format Version 12.00
# Visual Studio 15
VisualStudioVersion = 15.0.26730.15
MinimumVisualStudioVersion = 10.0.40219.1
Project("{FAE04EC0-301F-11D3-BF4B-00C04F79EFBC}") = "MethodOverloading", "MethodOverloading\MethodOverloading.csproj", "{62573EA9-5F26-4936-9A31-BEFEBFBE7ADA}"
EndProject
Global
	GlobalSection(SolutionConfigurationPlatforms) = preSolution
		Debug|Any CPU = Debug|Any CPU
		Release|Any CPU = Release|Any CPU
	EndGlobalSection
	GlobalSection(ProjectConfigurationPlatforms) = postSolution
		{62573EA9-5F26-4936-9A31-BEFEBFBE7ADA}.Debug|Any CPU.ActiveCfg = Debug|Any CPU
		{62573EA9-5F26-4936-9A31-BEFEBFBE7ADA}.Debug|Any CPU.Build.0 = Debug|Any CPU
		{62573EA9-5F26-4936-9A31-BEFEBFBE7ADA}.Release|Any CPU.ActiveCfg = Release|Any CPU
		{62573EA9-5F26-4936-9A31-BEFEBFBE7ADA}.Release|Any CPU.Build.0 = Release|Any CPU
	EndGlobalSection
	GlobalSection(SolutionProperties) = preSolution
		HideSolutionNode = FALSE
	EndGlobalSection
	GlobalSection(ExtensibilityGlobals) = postSolution
		SolutionGuid = {CD315EE0-BA8E-439A-94D5-D54A96C60370}
	EndGlobalSection
EndGlobal
